
Microsoft Visual Studio Solution File, Format Version 12.00
# Visual Studio Version 16
VisualStudioVersion = 16.0.810.21
MinimumVisualStudioVersion = 10.0.40219.1
Project("{FAE04EC0-301F-11D3-BF4B-00C04F79EFBC}") = "adtest.Android", "adtest.Android\adtest.Android.csproj", "{4CF3EF9D-ADC0-43B6-AB19-2F07AFE619A8}"
EndProject
Project("{FAE04EC0-301F-11D3-BF4B-00C04F79EFBC}") = "adtest.iOS", "adtest.iOS\adtest.iOS.csproj", "{8D8E3498-24B2-4701-BE18-568474AFF7D3}"
EndProject
Project("{FAE04EC0-301F-11D3-BF4B-00C04F79EFBC}") = "adtest", "adtest\adtest.csproj", "{6FD96F5A-8D7A-4035-9EB6-5B3D8185C884}"
EndProject
Global
	GlobalSection(SolutionConfigurationPlatforms) = preSolution
		Debug|Any CPU = Debug|Any CPU
		Release|Any CPU = Release|Any CPU
		Debug|iPhone = Debug|iPhone
		Debug|iPhoneSimulator = Debug|iPhoneSimulator
		Release|iPhone = Release|iPhone
		Release|iPhoneSimulator = Release|iPhoneSimulator
	EndGlobalSection
	GlobalSection(ProjectConfigurationPlatforms) = postSolution
		{4CF3EF9D-ADC0-43B6-AB19-2F07AFE619A8}.Debug|Any CPU.ActiveCfg = Debug|Any CPU
		{4CF3EF9D-ADC0-43B6-AB19-2F07AFE619A8}.Debug|Any CPU.Build.0 = Debug|Any CPU
		{4CF3EF9D-ADC0-43B6-AB19-2F07AFE619A8}.Release|Any CPU.ActiveCfg = Release|Any CPU
		{4CF3EF9D-ADC0-43B6-AB19-2F07AFE619A8}.Release|Any CPU.Build.0 = Release|Any CPU
		{4CF3EF9D-ADC0-43B6-AB19-2F07AFE619A8}.Debug|iPhone.ActiveCfg = Debug|iPhone
		{4CF3EF9D-ADC0-43B6-AB19-2F07AFE619A8}.Debug|iPhone.Build.0 = Debug|iPhone
		{4CF3EF9D-ADC0-43B6-AB19-2F07AFE619A8}.Debug|iPhoneSimulator.ActiveCfg = Debug|iPhoneSimulator
		{4CF3EF9D-ADC0-43B6-AB19-2F07AFE619A8}.Debug|iPhoneSimulator.Build.0 = Debug|iPhoneSimulator
		{4CF3EF9D-ADC0-43B6-AB19-2F07AFE619A8}.Release|iPhone.ActiveCfg = Release|iPhone
		{4CF3EF9D-ADC0-43B6-AB19-2F07AFE619A8}.Release|iPhone.Build.0 = Release|iPhone
		{4CF3EF9D-ADC0-43B6-AB19-2F07AFE619A8}.Release|iPhoneSimulator.ActiveCfg = Release|iPhoneSimulator
		{4CF3EF9D-ADC0-43B6-AB19-2F07AFE619A8}.Release|iPhoneSimulator.Build.0 = Release|iPhoneSimulator
		{8D8E3498-24B2-4701-BE18-568474AFF7D3}.Debug|Any CPU.ActiveCfg = Debug|iPhoneSimulator
		{8D8E3498-24B2-4701-BE18-568474AFF7D3}.Debug|Any CPU.Build.0 = Debug|iPhoneSimulator
		{8D8E3498-24B2-4701-BE18-568474AFF7D3}.Release|Any CPU.ActiveCfg = Release|iPhoneSimulator
		{8D8E3498-24B2-4701-BE18-568474AFF7D3}.Release|Any CPU.Build.0 = Release|iPhoneSimulator
		{8D8E3498-24B2-4701-BE18-568474AFF7D3}.Debug|iPhone.ActiveCfg = Debug|iPhone
		{8D8E3498-24B2-4701-BE18-568474AFF7D3}.Debug|iPhone.Build.0 = Debug|iPhone
		{8D8E3498-24B2-4701-BE18-568474AFF7D3}.Debug|iPhoneSimulator.ActiveCfg = Debug|iPhoneSimulator
		{8D8E3498-24B2-4701-BE18-568474AFF7D3}.Debug|iPhoneSimulator.Build.0 = Debug|iPhoneSimulator
		{8D8E3498-24B2-4701-BE18-568474AFF7D3}.Release|iPhone.ActiveCfg = Release|iPhone
		{8D8E3498-24B2-4701-BE18-568474AFF7D3}.Release|iPhone.Build.0 = Release|iPhone
		{8D8E3498-24B2-4701-BE18-568474AFF7D3}.Release|iPhoneSimulator.ActiveCfg = Release|iPhoneSimulator
		{8D8E3498-24B2-4701-BE18-568474AFF7D3}.Release|iPhoneSimulator.Build.0 = Release|iPhoneSimulator
		{6FD96F5A-8D7A-4035-9EB6-5B3D8185C884}.Debug|Any CPU.ActiveCfg = Debug|Any CPU
		{6FD96F5A-8D7A-4035-9EB6-5B3D8185C884}.Debug|Any CPU.Build.0 = Debug|Any CPU
		{6FD96F5A-8D7A-4035-9EB6-5B3D8185C884}.Release|Any CPU.ActiveCfg = Release|Any CPU
		{6FD96F5A-8D7A-4035-9EB6-5B3D8185C884}.Release|Any CPU.Build.0 = Release|Any CPU
		{6FD96F5A-8D7A-4035-9EB6-5B3D8185C884}.Debug|iPhone.ActiveCfg = Debug|Any CPU
		{6FD96F5A-8D7A-4035-9EB6-5B3D8185C884}.Debug|iPhone.Build.0 = Debug|Any CPU
		{6FD96F5A-8D7A-4035-9EB6-5B3D8185C884}.Debug|iPhoneSimulator.ActiveCfg = Debug|Any CPU
		{6FD96F5A-8D7A-4035-9EB6-5B3D8185C884}.Debug|iPhoneSimulator.Build.0 = Debug|Any CPU
		{6FD96F5A-8D7A-4035-9EB6-5B3D8185C884}.Release|iPhone.ActiveCfg = Release|Any CPU
		{6FD96F5A-8D7A-4035-9EB6-5B3D8185C884}.Release|iPhone.Build.0 = Release|Any CPU
		{6FD96F5A-8D7A-4035-9EB6-5B3D8185C884}.Release|iPhoneSimulator.ActiveCfg = Release|Any CPU
		{6FD96F5A-8D7A-4035-9EB6-5B3D8185C884}.Release|iPhoneSimulator.Build.0 = Release|Any CPU
	EndGlobalSection
	GlobalSection(SolutionProperties) = preSolution
		HideSolutionNode = FALSE
	EndGlobalSection
	GlobalSection(ExtensibilityGlobals) = postSolution
		SolutionGuid = {27DA2AF4-99F9-46F3-AB8F-A070BBF03892}
	EndGlobalSection
EndGlobal
